// !$*UTF8*$!
{
	archiveVersion = 1;
	classes = {
	};
	objectVersion = 55;
	objects = {

/* Begin PBXBuildFile section */
		130EF63F2855B81C00C0D3D4 /* MassCharacteristics.swift in Sources */ = {isa = PBXBuildFile; fileRef = 130EF63E2855B81C00C0D3D4 /* MassCharacteristics.swift */; };
		130EF6412855B93D00C0D3D4 /* MassCharacteristicsModel.swift in Sources */ = {isa = PBXBuildFile; fileRef = 130EF6402855B93D00C0D3D4 /* MassCharacteristicsModel.swift */; };
		130EF643285A4DB700C0D3D4 /* ChartView.swift in Sources */ = {isa = PBXBuildFile; fileRef = 130EF642285A4DB600C0D3D4 /* ChartView.swift */; };
		130EF646285A9C0100C0D3D4 /* SwiftUICharts in Frameworks */ = {isa = PBXBuildFile; productRef = 130EF645285A9C0100C0D3D4 /* SwiftUICharts */; };
		13121DD7281E33C60060FA66 /* Daniel_Bennett_CapstoneApp.swift in Sources */ = {isa = PBXBuildFile; fileRef = 13121DD6281E33C60060FA66 /* Daniel_Bennett_CapstoneApp.swift */; };
		13121DD9281E33C60060FA66 /* LoginView.swift in Sources */ = {isa = PBXBuildFile; fileRef = 13121DD8281E33C60060FA66 /* LoginView.swift */; };
		13121DDB281E33CC0060FA66 /* Assets.xcassets in Resources */ = {isa = PBXBuildFile; fileRef = 13121DDA281E33CC0060FA66 /* Assets.xcassets */; };
		13121DDE281E33CC0060FA66 /* Preview Assets.xcassets in Resources */ = {isa = PBXBuildFile; fileRef = 13121DDD281E33CC0060FA66 /* Preview Assets.xcassets */; };
		13121DE5281E3CC40060FA66 /* CancerCalculator.mlmodel in Sources */ = {isa = PBXBuildFile; fileRef = 13121DE4281E3CC40060FA66 /* CancerCalculator.mlmodel */; };
		131984832822199F006E6B8C /* SurveyView.swift in Sources */ = {isa = PBXBuildFile; fileRef = 131984822822199F006E6B8C /* SurveyView.swift */; };
		1339BE1C2855A2AB001F841A /* ResultsView.swift in Sources */ = {isa = PBXBuildFile; fileRef = 1339BE1B2855A2AB001F841A /* ResultsView.swift */; };
/* End PBXBuildFile section */

/* Begin PBXFileReference section */
		130EF63E2855B81C00C0D3D4 /* MassCharacteristics.swift */ = {isa = PBXFileReference; lastKnownFileType = sourcecode.swift; path = MassCharacteristics.swift; sourceTree = "<group>"; };
		130EF6402855B93D00C0D3D4 /* MassCharacteristicsModel.swift */ = {isa = PBXFileReference; lastKnownFileType = sourcecode.swift; path = MassCharacteristicsModel.swift; sourceTree = "<group>"; };
		130EF642285A4DB600C0D3D4 /* ChartView.swift */ = {isa = PBXFileReference; lastKnownFileType = sourcecode.swift; path = ChartView.swift; sourceTree = "<group>"; };
		13121DD3281E33C60060FA66 /* Daniel Bennett Capstone.app */ = {isa = PBXFileReference; explicitFileType = wrapper.application; includeInIndex = 0; path = "Daniel Bennett Capstone.app"; sourceTree = BUILT_PRODUCTS_DIR; };
		13121DD6281E33C60060FA66 /* Daniel_Bennett_CapstoneApp.swift */ = {isa = PBXFileReference; lastKnownFileType = sourcecode.swift; path = Daniel_Bennett_CapstoneApp.swift; sourceTree = "<group>"; };
		13121DD8281E33C60060FA66 /* LoginView.swift */ = {isa = PBXFileReference; lastKnownFileType = sourcecode.swift; path = LoginView.swift; sourceTree = "<group>"; };
		13121DDA281E33CC0060FA66 /* Assets.xcassets */ = {isa = PBXFileReference; lastKnownFileType = folder.assetcatalog; path = Assets.xcassets; sourceTree = "<group>"; };
		13121DDD281E33CC0060FA66 /* Preview Assets.xcassets */ = {isa = PBXFileReference; lastKnownFileType = folder.assetcatalog; path = "Preview Assets.xcassets"; sourceTree = "<group>"; };
		13121DE4281E3CC40060FA66 /* CancerCalculator.mlmodel */ = {isa = PBXFileReference; lastKnownFileType = file.mlmodel; path = CancerCalculator.mlmodel; sourceTree = "<group>"; };
		131984822822199F006E6B8C /* SurveyView.swift */ = {isa = PBXFileReference; lastKnownFileType = sourcecode.swift; path = SurveyView.swift; sourceTree = "<group>"; };
		1339BE1B2855A2AB001F841A /* ResultsView.swift */ = {isa = PBXFileReference; lastKnownFileType = sourcecode.swift; path = ResultsView.swift; sourceTree = "<group>"; };
/* End PBXFileReference section */

/* Begin PBXFrameworksBuildPhase section */
		13121DD0281E33C60060FA66 /* Frameworks */ = {
			isa = PBXFrameworksBuildPhase;
			buildActionMask = 2147483647;
			files = (
				130EF646285A9C0100C0D3D4 /* SwiftUICharts in Frameworks */,
			);
			runOnlyForDeploymentPostprocessing = 0;
		};
/* End PBXFrameworksBuildPhase section */

/* Begin PBXGroup section */
		130EF63B2855B78D00C0D3D4 /* Views */ = {
			isa = PBXGroup;
			children = (
				1339BE1B2855A2AB001F841A /* ResultsView.swift */,
				131984822822199F006E6B8C /* SurveyView.swift */,
				13121DD8281E33C60060FA66 /* LoginView.swift */,
				130EF642285A4DB600C0D3D4 /* ChartView.swift */,
			);
			path = Views;
			sourceTree = "<group>";
		};
		130EF63C2855B7B400C0D3D4 /* Models */ = {
			isa = PBXGroup;
			children = (
				130EF63E2855B81C00C0D3D4 /* MassCharacteristics.swift */,
			);
			path = Models;
			sourceTree = "<group>";
		};
		130EF63D2855B7C200C0D3D4 /* ViewModels */ = {
			isa = PBXGroup;
			children = (
				130EF6402855B93D00C0D3D4 /* MassCharacteristicsModel.swift */,
			);
			path = ViewModels;
			sourceTree = "<group>";
		};
		13121DCA281E33C50060FA66 = {
			isa = PBXGroup;
			children = (
				13121DD5281E33C60060FA66 /* Daniel Bennett Capstone */,
				13121DD4281E33C60060FA66 /* Products */,
			);
			sourceTree = "<group>";
		};
		13121DD4281E33C60060FA66 /* Products */ = {
			isa = PBXGroup;
			children = (
				13121DD3281E33C60060FA66 /* Daniel Bennett Capstone.app */,
			);
			name = Products;
			sourceTree = "<group>";
		};
		13121DD5281E33C60060FA66 /* Daniel Bennett Capstone */ = {
			isa = PBXGroup;
			children = (
				13121DD6281E33C60060FA66 /* Daniel_Bennett_CapstoneApp.swift */,
				130EF63B2855B78D00C0D3D4 /* Views */,
				130EF63C2855B7B400C0D3D4 /* Models */,
				130EF63D2855B7C200C0D3D4 /* ViewModels */,
				13121DE4281E3CC40060FA66 /* CancerCalculator.mlmodel */,
				13121DDA281E33CC0060FA66 /* Assets.xcassets */,
				13121DDC281E33CC0060FA66 /* Preview Content */,
			);
			path = "Daniel Bennett Capstone";
			sourceTree = "<group>";
		};
		13121DDC281E33CC0060FA66 /* Preview Content */ = {
			isa = PBXGroup;
			children = (
				13121DDD281E33CC0060FA66 /* Preview Assets.xcassets */,
			);
			path = "Preview Content";
			sourceTree = "<group>";
		};
/* End PBXGroup section */

/* Begin PBXNativeTarget section */
		13121DD2281E33C60060FA66 /* Daniel Bennett Capstone */ = {
			isa = PBXNativeTarget;
			buildConfigurationList = 13121DE1281E33CC0060FA66 /* Build configuration list for PBXNativeTarget "Daniel Bennett Capstone" */;
			buildPhases = (
				13121DCF281E33C60060FA66 /* Sources */,
				13121DD0281E33C60060FA66 /* Frameworks */,
				13121DD1281E33C60060FA66 /* Resources */,
			);
			buildRules = (
			);
			dependencies = (
			);
			name = "Daniel Bennett Capstone";
			packageProductDependencies = (
				130EF645285A9C0100C0D3D4 /* SwiftUICharts */,
			);
			productName = "Daniel Bennett Capstone";
			productReference = 13121DD3281E33C60060FA66 /* Daniel Bennett Capstone.app */;
			productType = "com.apple.product-type.application";
		};
/* End PBXNativeTarget section */

/* Begin PBXProject section */
		13121DCB281E33C50060FA66 /* Project object */ = {
			isa = PBXProject;
			attributes = {
				BuildIndependentTargetsInParallel = 1;
				LastSwiftUpdateCheck = 1330;
				LastUpgradeCheck = 1330;
				TargetAttributes = {
					13121DD2281E33C60060FA66 = {
						CreatedOnToolsVersion = 13.3.1;
					};
				};
			};
			buildConfigurationList = 13121DCE281E33C50060FA66 /* Build configuration list for PBXProject "Daniel Bennett Capstone" */;
			compatibilityVersion = "Xcode 13.0";
			developmentRegion = en;
			hasScannedForEncodings = 0;
			knownRegions = (
				en,
				Base,
			);
			mainGroup = 13121DCA281E33C50060FA66;
			packageReferences = (
				130EF644285A9C0100C0D3D4 /* XCRemoteSwiftPackageReference "ChartView" */,
			);
			productRefGroup = 13121DD4281E33C60060FA66 /* Products */;
			projectDirPath = "";
			projectRoot = "";
			targets = (
				13121DD2281E33C60060FA66 /* Daniel Bennett Capstone */,
			);
		};
/* End PBXProject section */

/* Begin PBXResourcesBuildPhase section */
		13121DD1281E33C60060FA66 /* Resources */ = {
			isa = PBXResourcesBuildPhase;
			buildActionMask = 2147483647;
			files = (
				13121DDE281E33CC0060FA66 /* Preview Assets.xcassets in Resources */,
				13121DDB281E33CC0060FA66 /* Assets.xcassets in Resources */,
			);
			runOnlyForDeploymentPostprocessing = 0;
		};
/* End PBXResourcesBuildPhase section */

/* Begin PBXSourcesBuildPhase section */
		13121DCF281E33C60060FA66 /* Sources */ = {
			isa = PBXSourcesBuildPhase;
			buildActionMask = 2147483647;
			files = (
				131984832822199F006E6B8C /* SurveyView.swift in Sources */,
				13121DD9281E33C60060FA66 /* LoginView.swift in Sources */,
				130EF63F2855B81C00C0D3D4 /* MassCharacteristics.swift in Sources */,
				13121DD7281E33C60060FA66 /* Daniel_Bennett_CapstoneApp.swift in Sources */,
				1339BE1C2855A2AB001F841A /* ResultsView.swift in Sources */,
				13121DE5281E3CC40060FA66 /* CancerCalculator.mlmodel in Sources */,
				130EF6412855B93D00C0D3D4 /* MassCharacteristicsModel.swift in Sources */,
				130EF643285A4DB700C0D3D4 /* ChartView.swift in Sources */,
			);
			runOnlyForDeploymentPostprocessing = 0;
		};
/* End PBXSourcesBuildPhase section */

/* Begin XCBuildConfiguration section */
		13121DDF281E33CC0060FA66 /* Debug */ = {
			isa = XCBuildConfiguration;
			buildSettings = {
				ALWAYS_SEARCH_USER_PATHS = NO;
				CLANG_ANALYZER_NONNULL = YES;
				CLANG_ANALYZER_NUMBER_OBJECT_CONVERSION = YES_AGGRESSIVE;
				CLANG_CXX_LANGUAGE_STANDARD = "gnu++17";
				CLANG_ENABLE_MODULES = YES;
				CLANG_ENABLE_OBJC_ARC = YES;
				CLANG_ENABLE_OBJC_WEAK = YES;
				CLANG_WARN_BLOCK_CAPTURE_AUTORELEASING = YES;
				CLANG_WARN_BOOL_CONVERSION = YES;
				CLANG_WARN_COMMA = YES;
				CLANG_WARN_CONSTANT_CONVERSION = YES;
				CLANG_WARN_DEPRECATED_OBJC_IMPLEMENTATIONS = YES;
				CLANG_WARN_DIRECT_OBJC_ISA_USAGE = YES_ERROR;
				CLANG_WARN_DOCUMENTATION_COMMENTS = YES;
				CLANG_WARN_EMPTY_BODY = YES;
				CLANG_WARN_ENUM_CONVERSION = YES;
				CLANG_WARN_INFINITE_RECURSION = YES;
				CLANG_WARN_INT_CONVERSION = YES;
				CLANG_WARN_NON_LITERAL_NULL_CONVERSION = YES;
				CLANG_WARN_OBJC_IMPLICIT_RETAIN_SELF = YES;
				CLANG_WARN_OBJC_LITERAL_CONVERSION = YES;
				CLANG_WARN_OBJC_ROOT_CLASS = YES_ERROR;
				CLANG_WARN_QUOTED_INCLUDE_IN_FRAMEWORK_HEADER = YES;
				CLANG_WARN_RANGE_LOOP_ANALYSIS = YES;
				CLANG_WARN_STRICT_PROTOTYPES = YES;
				CLANG_WARN_SUSPICIOUS_MOVE = YES;
				CLANG_WARN_UNGUARDED_AVAILABILITY = YES_AGGRESSIVE;
				CLANG_WARN_UNREACHABLE_CODE = YES;
				CLANG_WARN__DUPLICATE_METHOD_MATCH = YES;
				COPY_PHASE_STRIP = NO;
				DEBUG_INFORMATION_FORMAT = dwarf;
				ENABLE_STRICT_OBJC_MSGSEND = YES;
				ENABLE_TESTABILITY = YES;
				GCC_C_LANGUAGE_STANDARD = gnu11;
				GCC_DYNAMIC_NO_PIC = NO;
				GCC_NO_COMMON_BLOCKS = YES;
				GCC_OPTIMIZATION_LEVEL = 0;
				GCC_PREPROCESSOR_DEFINITIONS = (
					"DEBUG=1",
					"$(inherited)",
				);
				GCC_WARN_64_TO_32_BIT_CONVERSION = YES;
				GCC_WARN_ABOUT_RETURN_TYPE = YES_ERROR;
				GCC_WARN_UNDECLARED_SELECTOR = YES;
				GCC_WARN_UNINITIALIZED_AUTOS = YES_AGGRESSIVE;
				GCC_WARN_UNUSED_FUNCTION = YES;
				GCC_WARN_UNUSED_VARIABLE = YES;
				IPHONEOS_DEPLOYMENT_TARGET = 15.4;
				MTL_ENABLE_DEBUG_INFO = INCLUDE_SOURCE;
				MTL_FAST_MATH = YES;
				ONLY_ACTIVE_ARCH = YES;
				SDKROOT = iphoneos;
				SWIFT_ACTIVE_COMPILATION_CONDITIONS = DEBUG;
				SWIFT_OPTIMIZATION_LEVEL = "-Onone";
			};
			name = Debug;
		};
		13121DE0281E33CC0060FA66 /* Release */ = {
			isa = XCBuildConfiguration;
			buildSettings = {
				ALWAYS_SEARCH_USER_PATHS = NO;
				CLANG_ANALYZER_NONNULL = YES;
				CLANG_ANALYZER_NUMBER_OBJECT_CONVERSION = YES_AGGRESSIVE;
				CLANG_CXX_LANGUAGE_STANDARD = "gnu++17";
				CLANG_ENABLE_MODULES = YES;
				CLANG_ENABLE_OBJC_ARC = YES;
				CLANG_ENABLE_OBJC_WEAK = YES;
				CLANG_WARN_BLOCK_CAPTURE_AUTORELEASING = YES;
				CLANG_WARN_BOOL_CONVERSION = YES;
				CLANG_WARN_COMMA = YES;
				CLANG_WARN_CONSTANT_CONVERSION = YES;
				CLANG_WARN_DEPRECATED_OBJC_IMPLEMENTATIONS = YES;
				CLANG_WARN_DIRECT_OBJC_ISA_USAGE = YES_ERROR;
				CLANG_WARN_DOCUMENTATION_COMMENTS = YES;
				CLANG_WARN_EMPTY_BODY = YES;
				CLANG_WARN_ENUM_CONVERSION = YES;
				CLANG_WARN_INFINITE_RECURSION = YES;
				CLANG_WARN_INT_CONVERSION = YES;
				CLANG_WARN_NON_LITERAL_NULL_CONVERSION = YES;
				CLANG_WARN_OBJC_IMPLICIT_RETAIN_SELF = YES;
				CLANG_WARN_OBJC_LITERAL_CONVERSION = YES;
				CLANG_WARN_OBJC_ROOT_CLASS = YES_ERROR;
				CLANG_WARN_QUOTED_INCLUDE_IN_FRAMEWORK_HEADER = YES;
				CLANG_WARN_RANGE_LOOP_ANALYSIS = YES;
				CLANG_WARN_STRICT_PROTOTYPES = YES;
				CLANG_WARN_SUSPICIOUS_MOVE = YES;
				CLANG_WARN_UNGUARDED_AVAILABILITY = YES_AGGRESSIVE;
				CLANG_WARN_UNREACHABLE_CODE = YES;
				CLANG_WARN__DUPLICATE_METHOD_MATCH = YES;
				COPY_PHASE_STRIP = NO;
				DEBUG_INFORMATION_FORMAT = "dwarf-with-dsym";
				ENABLE_NS_ASSERTIONS = NO;
				ENABLE_STRICT_OBJC_MSGSEND = YES;
				GCC_C_LANGUAGE_STANDARD = gnu11;
				GCC_NO_COMMON_BLOCKS = YES;
				GCC_WARN_64_TO_32_BIT_CONVERSION = YES;
				GCC_WARN_ABOUT_RETURN_TYPE = YES_ERROR;
				GCC_WARN_UNDECLARED_SELECTOR = YES;
				GCC_WARN_UNINITIALIZED_AUTOS = YES_AGGRESSIVE;
				GCC_WARN_UNUSED_FUNCTION = YES;
				GCC_WARN_UNUSED_VARIABLE = YES;
				IPHONEOS_DEPLOYMENT_TARGET = 15.4;
				MTL_ENABLE_DEBUG_INFO = NO;
				MTL_FAST_MATH = YES;
				SDKROOT = iphoneos;
				SWIFT_COMPILATION_MODE = wholemodule;
				SWIFT_OPTIMIZATION_LEVEL = "-O";
				VALIDATE_PRODUCT = YES;
			};
			name = Release;
		};
		13121DE2281E33CC0060FA66 /* Debug */ = {
			isa = XCBuildConfiguration;
			buildSettings = {
				ASSETCATALOG_COMPILER_APPICON_NAME = AppIcon;
				ASSETCATALOG_COMPILER_GLOBAL_ACCENT_COLOR_NAME = AccentColor;
				CODE_SIGN_IDENTITY = "Apple Development";
				CODE_SIGN_STYLE = Automatic;
				CURRENT_PROJECT_VERSION = 1;
				DEVELOPMENT_ASSET_PATHS = "\"Daniel Bennett Capstone/Preview Content\"";
				DEVELOPMENT_TEAM = MBFWV9M75A;
				ENABLE_PREVIEWS = YES;
				GENERATE_INFOPLIST_FILE = YES;
				INFOPLIST_KEY_UIApplicationSceneManifest_Generation = YES;
				INFOPLIST_KEY_UIApplicationSupportsIndirectInputEvents = YES;
				INFOPLIST_KEY_UILaunchScreen_Generation = YES;
				INFOPLIST_KEY_UISupportedInterfaceOrientations_iPad = "UIInterfaceOrientationPortrait UIInterfaceOrientationPortraitUpsideDown UIInterfaceOrientationLandscapeLeft UIInterfaceOrientationLandscapeRight";
				INFOPLIST_KEY_UISupportedInterfaceOrientations_iPhone = "UIInterfaceOrientationPortrait UIInterfaceOrientationLandscapeLeft UIInterfaceOrientationLandscapeRight";
				LD_RUNPATH_SEARCH_PATHS = (
					"$(inherited)",
					"@executable_path/Frameworks",
				);
				MARKETING_VERSION = 1.0;
				PRODUCT_BUNDLE_IDENTIFIER = "dannybennett.Daniel-Bennett-Capstone";
				PRODUCT_NAME = "$(TARGET_NAME)";
				PROVISIONING_PROFILE_SPECIFIER = "";
				SWIFT_EMIT_LOC_STRINGS = YES;
				SWIFT_VERSION = 5.0;
				TARGETED_DEVICE_FAMILY = "1,2";
			};
			name = Debug;
		};
		13121DE3281E33CC0060FA66 /* Release */ = {
			isa = XCBuildConfiguration;
			buildSettings = {
				ASSETCATALOG_COMPILER_APPICON_NAME = AppIcon;
				ASSETCATALOG_COMPILER_GLOBAL_ACCENT_COLOR_NAME = AccentColor;
				CODE_SIGN_IDENTITY = "Apple Development";
				CODE_SIGN_STYLE = Automatic;
				CURRENT_PROJECT_VERSION = 1;
				DEVELOPMENT_ASSET_PATHS = "\"Daniel Bennett Capstone/Preview Content\"";
				DEVELOPMENT_TEAM = MBFWV9M75A;
				ENABLE_PREVIEWS = YES;
				GENERATE_INFOPLIST_FILE = YES;
				INFOPLIST_KEY_UIApplicationSceneManifest_Generation = YES;
				INFOPLIST_KEY_UIApplicationSupportsIndirectInputEvents = YES;
				INFOPLIST_KEY_UILaunchScreen_Generation = YES;
				INFOPLIST_KEY_UISupportedInterfaceOrientations_iPad = "UIInterfaceOrientationPortrait UIInterfaceOrientationPortraitUpsideDown UIInterfaceOrientationLandscapeLeft UIInterfaceOrientationLandscapeRight";
				INFOPLIST_KEY_UISupportedInterfaceOrientations_iPhone = "UIInterfaceOrientationPortrait UIInterfaceOrientationLandscapeLeft UIInterfaceOrientationLandscapeRight";
				LD_RUNPATH_SEARCH_PATHS = (
					"$(inherited)",
					"@executable_path/Frameworks",
				);
				MARKETING_VERSION = 1.0;
				PRODUCT_BUNDLE_IDENTIFIER = "dannybennett.Daniel-Bennett-Capstone";
				PRODUCT_NAME = "$(TARGET_NAME)";
				PROVISIONING_PROFILE_SPECIFIER = "";
				SWIFT_EMIT_LOC_STRINGS = YES;
				SWIFT_VERSION = 5.0;
				TARGETED_DEVICE_FAMILY = "1,2";
			};
			name = Release;
		};
/* End XCBuildConfiguration section */

/* Begin XCConfigurationList section */
		13121DCE281E33C50060FA66 /* Build configuration list for PBXProject "Daniel Bennett Capstone" */ = {
			isa = XCConfigurationList;
			buildConfigurations = (
				13121DDF281E33CC0060FA66 /* Debug */,
				13121DE0281E33CC0060FA66 /* Release */,
			);
			defaultConfigurationIsVisible = 0;
			defaultConfigurationName = Release;
		};
		13121DE1281E33CC0060FA66 /* Build configuration list for PBXNativeTarget "Daniel Bennett Capstone" */ = {
			isa = XCConfigurationList;
			buildConfigurations = (
				13121DE2281E33CC0060FA66 /* Debug */,
				13121DE3281E33CC0060FA66 /* Release */,
			);
			defaultConfigurationIsVisible = 0;
			defaultConfigurationName = Release;
		};
/* End XCConfigurationList section */

/* Begin XCRemoteSwiftPackageReference section */
		130EF644285A9C0100C0D3D4 /* XCRemoteSwiftPackageReference "ChartView" */ = {
			isa = XCRemoteSwiftPackageReference;
			repositoryURL = "https://github.com/AppPear/ChartView";
			requirement = {
				kind = upToNextMajorVersion;
				minimumVersion = 1.0.0;
			};
		};
/* End XCRemoteSwiftPackageReference section */

/* Begin XCSwiftPackageProductDependency section */
		130EF645285A9C0100C0D3D4 /* SwiftUICharts */ = {
			isa = XCSwiftPackageProductDependency;
			package = 130EF644285A9C0100C0D3D4 /* XCRemoteSwiftPackageReference "ChartView" */;
			productName = SwiftUICharts;
		};
/* End XCSwiftPackageProductDependency section */
	};
	rootObject = 13121DCB281E33C50060FA66 /* Project object */;
}
